// !$*UTF8*$!
{
	archiveVersion = 1;
	classes = {
	};
	objectVersion = 51;
	objects = {

/* Begin PBXBuildFile section */
		58D3EF8D049708F21D9CA70D /* Pods_DaangnMarket.framework in Frameworks */ = {isa = PBXBuildFile; fileRef = 032F584B1595BE08B167E3AB /* Pods_DaangnMarket.framework */; };
		A62D96AA2424A440006F1722 /* AppDelegate.swift in Sources */ = {isa = PBXBuildFile; fileRef = A62D96A92424A440006F1722 /* AppDelegate.swift */; };
		A62D96AE2424A440006F1722 /* HomeFeedViewController.swift in Sources */ = {isa = PBXBuildFile; fileRef = A62D96AD2424A440006F1722 /* HomeFeedViewController.swift */; };
		A62D96B32424A442006F1722 /* Assets.xcassets in Resources */ = {isa = PBXBuildFile; fileRef = A62D96B22424A442006F1722 /* Assets.xcassets */; };
		A62D96B62424A442006F1722 /* LaunchScreen.storyboard in Resources */ = {isa = PBXBuildFile; fileRef = A62D96B42424A442006F1722 /* LaunchScreen.storyboard */; };
		ACCD94CE2429E59500153545 /* .swiftlint.yml in Resources */ = {isa = PBXBuildFile; fileRef = ACCD94CD2429E59500153545 /* .swiftlint.yml */; };
		ACCD94D72429F81D00153545 /* CategoryViewController.swift in Sources */ = {isa = PBXBuildFile; fileRef = ACCD94D62429F81D00153545 /* CategoryViewController.swift */; };
		ACCD94D92429F84200153545 /* ProductPostViewController.swift in Sources */ = {isa = PBXBuildFile; fileRef = ACCD94D82429F84200153545 /* ProductPostViewController.swift */; };
		ACCD94DB2429F86B00153545 /* WriteUsedViewController.swift in Sources */ = {isa = PBXBuildFile; fileRef = ACCD94DA2429F86B00153545 /* WriteUsedViewController.swift */; };
		ACCD94DD2429F87900153545 /* ChatViewController.swift in Sources */ = {isa = PBXBuildFile; fileRef = ACCD94DC2429F87900153545 /* ChatViewController.swift */; };
		ACCD94DF2429F89200153545 /* MyPageViewController.swift in Sources */ = {isa = PBXBuildFile; fileRef = ACCD94DE2429F89200153545 /* MyPageViewController.swift */; };
/* End PBXBuildFile section */

/* Begin PBXFileReference section */
		032F584B1595BE08B167E3AB /* Pods_DaangnMarket.framework */ = {isa = PBXFileReference; explicitFileType = wrapper.framework; includeInIndex = 0; path = Pods_DaangnMarket.framework; sourceTree = BUILT_PRODUCTS_DIR; };
		2665E56FE654B747160B0851 /* Pods-DaangnMarket.release.xcconfig */ = {isa = PBXFileReference; includeInIndex = 1; lastKnownFileType = text.xcconfig; name = "Pods-DaangnMarket.release.xcconfig"; path = "Target Support Files/Pods-DaangnMarket/Pods-DaangnMarket.release.xcconfig"; sourceTree = "<group>"; };
		71D3A55677882F444474FFDE /* Pods-DaangnMarket.debug.xcconfig */ = {isa = PBXFileReference; includeInIndex = 1; lastKnownFileType = text.xcconfig; name = "Pods-DaangnMarket.debug.xcconfig"; path = "Target Support Files/Pods-DaangnMarket/Pods-DaangnMarket.debug.xcconfig"; sourceTree = "<group>"; };
		A62D96A62424A440006F1722 /* DaangnMarket.app */ = {isa = PBXFileReference; explicitFileType = wrapper.application; includeInIndex = 0; path = DaangnMarket.app; sourceTree = BUILT_PRODUCTS_DIR; };
		A62D96A92424A440006F1722 /* AppDelegate.swift */ = {isa = PBXFileReference; lastKnownFileType = sourcecode.swift; path = AppDelegate.swift; sourceTree = "<group>"; };
		A62D96AD2424A440006F1722 /* HomeFeedViewController.swift */ = {isa = PBXFileReference; lastKnownFileType = sourcecode.swift; path = HomeFeedViewController.swift; sourceTree = "<group>"; };
		A62D96B22424A442006F1722 /* Assets.xcassets */ = {isa = PBXFileReference; lastKnownFileType = folder.assetcatalog; path = Assets.xcassets; sourceTree = "<group>"; };
		A62D96B52424A442006F1722 /* Base */ = {isa = PBXFileReference; lastKnownFileType = file.storyboard; name = Base; path = Base.lproj/LaunchScreen.storyboard; sourceTree = "<group>"; };
		A62D96B72424A442006F1722 /* Info.plist */ = {isa = PBXFileReference; lastKnownFileType = text.plist.xml; path = Info.plist; sourceTree = "<group>"; };
		ACCD94CD2429E59500153545 /* .swiftlint.yml */ = {isa = PBXFileReference; lastKnownFileType = text.yaml; path = .swiftlint.yml; sourceTree = "<group>"; };
		ACCD94D62429F81D00153545 /* CategoryViewController.swift */ = {isa = PBXFileReference; lastKnownFileType = sourcecode.swift; path = CategoryViewController.swift; sourceTree = "<group>"; };
		ACCD94D82429F84200153545 /* ProductPostViewController.swift */ = {isa = PBXFileReference; lastKnownFileType = sourcecode.swift; path = ProductPostViewController.swift; sourceTree = "<group>"; };
		ACCD94DA2429F86B00153545 /* WriteUsedViewController.swift */ = {isa = PBXFileReference; lastKnownFileType = sourcecode.swift; path = WriteUsedViewController.swift; sourceTree = "<group>"; };
		ACCD94DC2429F87900153545 /* ChatViewController.swift */ = {isa = PBXFileReference; lastKnownFileType = sourcecode.swift; path = ChatViewController.swift; sourceTree = "<group>"; };
		ACCD94DE2429F89200153545 /* MyPageViewController.swift */ = {isa = PBXFileReference; lastKnownFileType = sourcecode.swift; path = MyPageViewController.swift; sourceTree = "<group>"; };
/* End PBXFileReference section */

/* Begin PBXFrameworksBuildPhase section */
		A62D96A32424A440006F1722 /* Frameworks */ = {
			isa = PBXFrameworksBuildPhase;
			buildActionMask = 2147483647;
			files = (
				58D3EF8D049708F21D9CA70D /* Pods_DaangnMarket.framework in Frameworks */,
			);
			runOnlyForDeploymentPostprocessing = 0;
		};
/* End PBXFrameworksBuildPhase section */

/* Begin PBXGroup section */
		44E0A05C296C497DC06511FE /* Frameworks */ = {
			isa = PBXGroup;
			children = (
				032F584B1595BE08B167E3AB /* Pods_DaangnMarket.framework */,
			);
			name = Frameworks;
			sourceTree = "<group>";
		};
		70BF63448D0504DE017AF835 /* Pods */ = {
			isa = PBXGroup;
			children = (
				71D3A55677882F444474FFDE /* Pods-DaangnMarket.debug.xcconfig */,
				2665E56FE654B747160B0851 /* Pods-DaangnMarket.release.xcconfig */,
			);
			path = Pods;
			sourceTree = "<group>";
		};
		A62D969D2424A440006F1722 = {
			isa = PBXGroup;
			children = (
				ACCD94CD2429E59500153545 /* .swiftlint.yml */,
				A62D96A82424A440006F1722 /* DaangnMarket */,
				A62D96A72424A440006F1722 /* Products */,
				70BF63448D0504DE017AF835 /* Pods */,
				44E0A05C296C497DC06511FE /* Frameworks */,
			);
			sourceTree = "<group>";
		};
		A62D96A72424A440006F1722 /* Products */ = {
			isa = PBXGroup;
			children = (
				A62D96A62424A440006F1722 /* DaangnMarket.app */,
			);
			name = Products;
			sourceTree = "<group>";
		};
		A62D96A82424A440006F1722 /* DaangnMarket */ = {
			isa = PBXGroup;
			children = (
				A62D96A92424A440006F1722 /* AppDelegate.swift */,
				A62D96AB2424A440006F1722 /* SceneDelegate.swift */,
				ACCD94D02429F5B900153545 /* Home */,
				ACCD94D52429F60900153545 /* Category */,
				ACCD94D12429F5C000153545 /* Product */,
				ACCD94D22429F5C400153545 /* Writing */,
				ACCD94D32429F5E400153545 /* Chat */,
				ACCD94D42429F5E600153545 /* MyDaangn */,
				A62D96AF2424A440006F1722 /* Main.storyboard */,
				A62D96B22424A442006F1722 /* Assets.xcassets */,
				A62D96B42424A442006F1722 /* LaunchScreen.storyboard */,
				A62D96B72424A442006F1722 /* Info.plist */,
			);
			path = DaangnMarket;
			sourceTree = "<group>";
		};
		ACCD94D02429F5B900153545 /* Home */ = {
			isa = PBXGroup;
			children = (
				A62D96AD2424A440006F1722 /* HomeFeedViewController.swift */,
			);
			path = Home;
			sourceTree = "<group>";
		};
		ACCD94D12429F5C000153545 /* Product */ = {
			isa = PBXGroup;
			children = (
				ACCD94D82429F84200153545 /* ProductPostViewController.swift */,
			);
			path = Product;
			sourceTree = "<group>";
		};
		ACCD94D22429F5C400153545 /* Writing */ = {
			isa = PBXGroup;
			children = (
				ACCD94DA2429F86B00153545 /* WriteUsedViewController.swift */,
			);
			path = Writing;
			sourceTree = "<group>";
		};
		ACCD94D32429F5E400153545 /* Chat */ = {
			isa = PBXGroup;
			children = (
				ACCD94DC2429F87900153545 /* ChatViewController.swift */,
			);
			path = Chat;
			sourceTree = "<group>";
		};
		ACCD94D42429F5E600153545 /* MyDaangn */ = {
			isa = PBXGroup;
			children = (
				ACCD94DE2429F89200153545 /* MyPageViewController.swift */,
			);
			path = MyDaangn;
			sourceTree = "<group>";
		};
		ACCD94D52429F60900153545 /* Category */ = {
			isa = PBXGroup;
			children = (
				ACCD94D62429F81D00153545 /* CategoryViewController.swift */,
			);
			path = Category;
			sourceTree = "<group>";
		};
/* End PBXGroup section */

/* Begin PBXNativeTarget section */
		A62D96A52424A440006F1722 /* DaangnMarket */ = {
			isa = PBXNativeTarget;
			buildConfigurationList = A62D96BA2424A442006F1722 /* Build configuration list for PBXNativeTarget "DaangnMarket" */;
			buildPhases = (
				BB3A80CD2251090703D632CF /* [CP] Check Pods Manifest.lock */,
				A62D96A22424A440006F1722 /* Sources */,
				A62D96A32424A440006F1722 /* Frameworks */,
				A62D96A42424A440006F1722 /* Resources */,
				F8096A3AB6AFA53B5645AA42 /* [CP] Embed Pods Frameworks */,
				ACCD94CC2429E4EE00153545 /* ShellScript */,
			);
			buildRules = (
			);
			dependencies = (
			);
			name = DaangnMarket;
			productName = DaangnMarket;
			productReference = A62D96A62424A440006F1722 /* DaangnMarket.app */;
			productType = "com.apple.product-type.application";
		};
/* End PBXNativeTarget section */

/* Begin PBXProject section */
		A62D969E2424A440006F1722 /* Project object */ = {
			isa = PBXProject;
			attributes = {
				LastSwiftUpdateCheck = 1130;
				LastUpgradeCheck = 1130;
				ORGANIZATIONNAME = Jisng;
				TargetAttributes = {
					A62D96A52424A440006F1722 = {
						CreatedOnToolsVersion = 11.3;
					};
				};
			};
			buildConfigurationList = A62D96A12424A440006F1722 /* Build configuration list for PBXProject "DaangnMarket" */;
			compatibilityVersion = "Xcode 9.3";
			developmentRegion = en;
			hasScannedForEncodings = 0;
			knownRegions = (
				en,
				Base,
			);
			mainGroup = A62D969D2424A440006F1722;
			productRefGroup = A62D96A72424A440006F1722 /* Products */;
			projectDirPath = "";
			projectRoot = "";
			targets = (
				A62D96A52424A440006F1722 /* DaangnMarket */,
			);
		};
/* End PBXProject section */

/* Begin PBXResourcesBuildPhase section */
		A62D96A42424A440006F1722 /* Resources */ = {
			isa = PBXResourcesBuildPhase;
			buildActionMask = 2147483647;
			files = (
				ACCD94CE2429E59500153545 /* .swiftlint.yml in Resources */,
				A62D96B62424A442006F1722 /* LaunchScreen.storyboard in Resources */,
				A62D96B32424A442006F1722 /* Assets.xcassets in Resources */,
			);
			runOnlyForDeploymentPostprocessing = 0;
		};
/* End PBXResourcesBuildPhase section */

/* Begin PBXShellScriptBuildPhase section */
		ACCD94CC2429E4EE00153545 /* ShellScript */ = {
			isa = PBXShellScriptBuildPhase;
			buildActionMask = 2147483647;
			files = (
			);
			inputFileListPaths = (
			);
			inputPaths = (
			);
			outputFileListPaths = (
			);
			outputPaths = (
			);
			runOnlyForDeploymentPostprocessing = 0;
			shellPath = /bin/sh;
			shellScript = "${PODS_ROOT}/SwiftLint/swiftlint\n";
		};
		BB3A80CD2251090703D632CF /* [CP] Check Pods Manifest.lock */ = {
			isa = PBXShellScriptBuildPhase;
			buildActionMask = 2147483647;
			files = (
			);
			inputFileListPaths = (
			);
			inputPaths = (
				"${PODS_PODFILE_DIR_PATH}/Podfile.lock",
				"${PODS_ROOT}/Manifest.lock",
			);
			name = "[CP] Check Pods Manifest.lock";
			outputFileListPaths = (
			);
			outputPaths = (
				"$(DERIVED_FILE_DIR)/Pods-DaangnMarket-checkManifestLockResult.txt",
			);
			runOnlyForDeploymentPostprocessing = 0;
			shellPath = /bin/sh;
			shellScript = "diff \"${PODS_PODFILE_DIR_PATH}/Podfile.lock\" \"${PODS_ROOT}/Manifest.lock\" > /dev/null\nif [ $? != 0 ] ; then\n    # print error to STDERR\n    echo \"error: The sandbox is not in sync with the Podfile.lock. Run 'pod install' or update your CocoaPods installation.\" >&2\n    exit 1\nfi\n# This output is used by Xcode 'outputs' to avoid re-running this script phase.\necho \"SUCCESS\" > \"${SCRIPT_OUTPUT_FILE_0}\"\n";
			showEnvVarsInLog = 0;
		};
		F8096A3AB6AFA53B5645AA42 /* [CP] Embed Pods Frameworks */ = {
			isa = PBXShellScriptBuildPhase;
			buildActionMask = 2147483647;
			files = (
			);
			inputFileListPaths = (
				"${PODS_ROOT}/Target Support Files/Pods-DaangnMarket/Pods-DaangnMarket-frameworks-${CONFIGURATION}-input-files.xcfilelist",
			);
			name = "[CP] Embed Pods Frameworks";
			outputFileListPaths = (
				"${PODS_ROOT}/Target Support Files/Pods-DaangnMarket/Pods-DaangnMarket-frameworks-${CONFIGURATION}-output-files.xcfilelist",
			);
			runOnlyForDeploymentPostprocessing = 0;
			shellPath = /bin/sh;
			shellScript = "\"${PODS_ROOT}/Target Support Files/Pods-DaangnMarket/Pods-DaangnMarket-frameworks.sh\"\n";
			showEnvVarsInLog = 0;
		};
/* End PBXShellScriptBuildPhase section */

/* Begin PBXSourcesBuildPhase section */
		A62D96A22424A440006F1722 /* Sources */ = {
			isa = PBXSourcesBuildPhase;
			buildActionMask = 2147483647;
			files = (
				ACCD94D72429F81D00153545 /* CategoryViewController.swift in Sources */,
				A62D96AE2424A440006F1722 /* HomeFeedViewController.swift in Sources */,
				ACCD94D92429F84200153545 /* ProductPostViewController.swift in Sources */,
				ACCD94DD2429F87900153545 /* ChatViewController.swift in Sources */,
				A62D96AA2424A440006F1722 /* AppDelegate.swift in Sources */,
				A62D96AC2424A440006F1722 /* SceneDelegate.swift in Sources */,
				ACCD94DB2429F86B00153545 /* WriteUsedViewController.swift in Sources */,
				ACCD94DF2429F89200153545 /* MyPageViewController.swift in Sources */,
			);
			runOnlyForDeploymentPostprocessing = 0;
		};
/* End PBXSourcesBuildPhase section */

/* Begin PBXVariantGroup section */
		A62D96B42424A442006F1722 /* LaunchScreen.storyboard */ = {
			isa = PBXVariantGroup;
			children = (
				A62D96B52424A442006F1722 /* Base */,
			);
			name = LaunchScreen.storyboard;
			sourceTree = "<group>";
		};
/* End PBXVariantGroup section */

/* Begin XCBuildConfiguration section */
		A62D96B82424A442006F1722 /* Debug */ = {
			isa = XCBuildConfiguration;
			buildSettings = {
				ALWAYS_SEARCH_USER_PATHS = NO;
				CLANG_ANALYZER_NONNULL = YES;
				CLANG_ANALYZER_NUMBER_OBJECT_CONVERSION = YES_AGGRESSIVE;
				CLANG_CXX_LANGUAGE_STANDARD = "gnu++14";
				CLANG_CXX_LIBRARY = "libc++";
				CLANG_ENABLE_MODULES = YES;
				CLANG_ENABLE_OBJC_ARC = YES;
				CLANG_ENABLE_OBJC_WEAK = YES;
				CLANG_WARN_BLOCK_CAPTURE_AUTORELEASING = YES;
				CLANG_WARN_BOOL_CONVERSION = YES;
				CLANG_WARN_COMMA = YES;
				CLANG_WARN_CONSTANT_CONVERSION = YES;
				CLANG_WARN_DEPRECATED_OBJC_IMPLEMENTATIONS = YES;
				CLANG_WARN_DIRECT_OBJC_ISA_USAGE = YES_ERROR;
				CLANG_WARN_DOCUMENTATION_COMMENTS = YES;
				CLANG_WARN_EMPTY_BODY = YES;
				CLANG_WARN_ENUM_CONVERSION = YES;
				CLANG_WARN_INFINITE_RECURSION = YES;
				CLANG_WARN_INT_CONVERSION = YES;
				CLANG_WARN_NON_LITERAL_NULL_CONVERSION = YES;
				CLANG_WARN_OBJC_IMPLICIT_RETAIN_SELF = YES;
				CLANG_WARN_OBJC_LITERAL_CONVERSION = YES;
				CLANG_WARN_OBJC_ROOT_CLASS = YES_ERROR;
				CLANG_WARN_RANGE_LOOP_ANALYSIS = YES;
				CLANG_WARN_STRICT_PROTOTYPES = YES;
				CLANG_WARN_SUSPICIOUS_MOVE = YES;
				CLANG_WARN_UNGUARDED_AVAILABILITY = YES_AGGRESSIVE;
				CLANG_WARN_UNREACHABLE_CODE = YES;
				CLANG_WARN__DUPLICATE_METHOD_MATCH = YES;
				COPY_PHASE_STRIP = NO;
				DEBUG_INFORMATION_FORMAT = dwarf;
				ENABLE_STRICT_OBJC_MSGSEND = YES;
				ENABLE_TESTABILITY = YES;
				GCC_C_LANGUAGE_STANDARD = gnu11;
				GCC_DYNAMIC_NO_PIC = NO;
				GCC_NO_COMMON_BLOCKS = YES;
				GCC_OPTIMIZATION_LEVEL = 0;
				GCC_PREPROCESSOR_DEFINITIONS = (
					"DEBUG=1",
					"$(inherited)",
				);
				GCC_WARN_64_TO_32_BIT_CONVERSION = YES;
				GCC_WARN_ABOUT_RETURN_TYPE = YES_ERROR;
				GCC_WARN_UNDECLARED_SELECTOR = YES;
				GCC_WARN_UNINITIALIZED_AUTOS = YES_AGGRESSIVE;
				GCC_WARN_UNUSED_FUNCTION = YES;
				GCC_WARN_UNUSED_VARIABLE = YES;
				IPHONEOS_DEPLOYMENT_TARGET = 13.2;
				MTL_ENABLE_DEBUG_INFO = INCLUDE_SOURCE;
				MTL_FAST_MATH = YES;
				ONLY_ACTIVE_ARCH = YES;
				SDKROOT = iphoneos;
				SWIFT_ACTIVE_COMPILATION_CONDITIONS = DEBUG;
				SWIFT_OPTIMIZATION_LEVEL = "-Onone";
			};
			name = Debug;
		};
		A62D96B92424A442006F1722 /* Release */ = {
			isa = XCBuildConfiguration;
			buildSettings = {
				ALWAYS_SEARCH_USER_PATHS = NO;
				CLANG_ANALYZER_NONNULL = YES;
				CLANG_ANALYZER_NUMBER_OBJECT_CONVERSION = YES_AGGRESSIVE;
				CLANG_CXX_LANGUAGE_STANDARD = "gnu++14";
				CLANG_CXX_LIBRARY = "libc++";
				CLANG_ENABLE_MODULES = YES;
				CLANG_ENABLE_OBJC_ARC = YES;
				CLANG_ENABLE_OBJC_WEAK = YES;
				CLANG_WARN_BLOCK_CAPTURE_AUTORELEASING = YES;
				CLANG_WARN_BOOL_CONVERSION = YES;
				CLANG_WARN_COMMA = YES;
				CLANG_WARN_CONSTANT_CONVERSION = YES;
				CLANG_WARN_DEPRECATED_OBJC_IMPLEMENTATIONS = YES;
				CLANG_WARN_DIRECT_OBJC_ISA_USAGE = YES_ERROR;
				CLANG_WARN_DOCUMENTATION_COMMENTS = YES;
				CLANG_WARN_EMPTY_BODY = YES;
				CLANG_WARN_ENUM_CONVERSION = YES;
				CLANG_WARN_INFINITE_RECURSION = YES;
				CLANG_WARN_INT_CONVERSION = YES;
				CLANG_WARN_NON_LITERAL_NULL_CONVERSION = YES;
				CLANG_WARN_OBJC_IMPLICIT_RETAIN_SELF = YES;
				CLANG_WARN_OBJC_LITERAL_CONVERSION = YES;
				CLANG_WARN_OBJC_ROOT_CLASS = YES_ERROR;
				CLANG_WARN_RANGE_LOOP_ANALYSIS = YES;
				CLANG_WARN_STRICT_PROTOTYPES = YES;
				CLANG_WARN_SUSPICIOUS_MOVE = YES;
				CLANG_WARN_UNGUARDED_AVAILABILITY = YES_AGGRESSIVE;
				CLANG_WARN_UNREACHABLE_CODE = YES;
				CLANG_WARN__DUPLICATE_METHOD_MATCH = YES;
				COPY_PHASE_STRIP = NO;
				DEBUG_INFORMATION_FORMAT = "dwarf-with-dsym";
				ENABLE_NS_ASSERTIONS = NO;
				ENABLE_STRICT_OBJC_MSGSEND = YES;
				GCC_C_LANGUAGE_STANDARD = gnu11;
				GCC_NO_COMMON_BLOCKS = YES;
				GCC_WARN_64_TO_32_BIT_CONVERSION = YES;
				GCC_WARN_ABOUT_RETURN_TYPE = YES_ERROR;
				GCC_WARN_UNDECLARED_SELECTOR = YES;
				GCC_WARN_UNINITIALIZED_AUTOS = YES_AGGRESSIVE;
				GCC_WARN_UNUSED_FUNCTION = YES;
				GCC_WARN_UNUSED_VARIABLE = YES;
				IPHONEOS_DEPLOYMENT_TARGET = 13.2;
				MTL_ENABLE_DEBUG_INFO = NO;
				MTL_FAST_MATH = YES;
				SDKROOT = iphoneos;
				SWIFT_COMPILATION_MODE = wholemodule;
				SWIFT_OPTIMIZATION_LEVEL = "-O";
				VALIDATE_PRODUCT = YES;
			};
			name = Release;
		};
		A62D96BB2424A442006F1722 /* Debug */ = {
			isa = XCBuildConfiguration;
			baseConfigurationReference = 71D3A55677882F444474FFDE /* Pods-DaangnMarket.debug.xcconfig */;
			buildSettings = {
				ASSETCATALOG_COMPILER_APPICON_NAME = AppIcon;
				CODE_SIGN_STYLE = Automatic;
				DEVELOPMENT_TEAM = G63629C67V;
				INFOPLIST_FILE = DaangnMarket/Info.plist;
				IPHONEOS_DEPLOYMENT_TARGET = 13.0;
				LD_RUNPATH_SEARCH_PATHS = (
					"$(inherited)",
					"@executable_path/Frameworks",
				);
				PRODUCT_BUNDLE_IDENTIFIER = kr.jisng.identifier.DaangnMarket;
				PRODUCT_NAME = "$(TARGET_NAME)";
				SWIFT_VERSION = 5.0;
				TARGETED_DEVICE_FAMILY = 1;
			};
			name = Debug;
		};
		A62D96BC2424A442006F1722 /* Release */ = {
			isa = XCBuildConfiguration;
			baseConfigurationReference = 2665E56FE654B747160B0851 /* Pods-DaangnMarket.release.xcconfig */;
			buildSettings = {
				ASSETCATALOG_COMPILER_APPICON_NAME = AppIcon;
				CODE_SIGN_STYLE = Automatic;
				DEVELOPMENT_TEAM = G63629C67V;
				INFOPLIST_FILE = DaangnMarket/Info.plist;
				IPHONEOS_DEPLOYMENT_TARGET = 13.0;
				LD_RUNPATH_SEARCH_PATHS = (
					"$(inherited)",
					"@executable_path/Frameworks",
				);
				PRODUCT_BUNDLE_IDENTIFIER = kr.jisng.identifier.DaangnMarket;
				PRODUCT_NAME = "$(TARGET_NAME)";
				SWIFT_VERSION = 5.0;
				TARGETED_DEVICE_FAMILY = 1;
			};
			name = Release;
		};
/* End XCBuildConfiguration section */

/* Begin XCConfigurationList section */
		A62D96A12424A440006F1722 /* Build configuration list for PBXProject "DaangnMarket" */ = {
			isa = XCConfigurationList;
			buildConfigurations = (
				A62D96B82424A442006F1722 /* Debug */,
				A62D96B92424A442006F1722 /* Release */,
			);
			defaultConfigurationIsVisible = 0;
			defaultConfigurationName = Release;
		};
		A62D96BA2424A442006F1722 /* Build configuration list for PBXNativeTarget "DaangnMarket" */ = {
			isa = XCConfigurationList;
			buildConfigurations = (
				A62D96BB2424A442006F1722 /* Debug */,
				A62D96BC2424A442006F1722 /* Release */,
			);
			defaultConfigurationIsVisible = 0;
			defaultConfigurationName = Release;
		};
/* End XCConfigurationList section */
	};
	rootObject = A62D969E2424A440006F1722 /* Project object */;
}
